
Microsoft Visual Studio Solution File, Format Version 12.00
# Visual Studio Version 17
VisualStudioVersion = 17.0.31903.59
MinimumVisualStudioVersion = 10.0.40219.1
Project("{FAE04EC0-301F-11D3-BF4B-00C04F79EFBC}") = "MinimalApiDemo", "MinimalApiDemo\MinimalApiDemo.csproj", "{5B975D7D-FF5D-4F23-907C-F7F2E50F2252}"
EndProject
Project("{2150E333-8FDC-42A3-9474-1A3956D46DE8}") = "Solution Items", "Solution Items", "{8EC462FD-D22E-90A8-E5CE-7E832BA40C5D}"
	ProjectSection(SolutionItems) = preProject
		.gitignore = .gitignore
		claude.md = claude.md
	EndProjectSection
EndProject
Project("{FAE04EC0-301F-11D3-BF4B-00C04F79EFBC}") = "MinimalApiDemo.Tests", "MinimalApiDemo.Tests\MinimalApiDemo.Tests.csproj", "{9229C06E-3E6C-4174-80D9-F61B1145D514}"
EndProject
Global
	GlobalSection(SolutionConfigurationPlatforms) = preSolution
		Debug|Any CPU = Debug|Any CPU
		Debug|x64 = Debug|x64
		Debug|x86 = Debug|x86
		Release|Any CPU = Release|Any CPU
		Release|x64 = Release|x64
		Release|x86 = Release|x86
	EndGlobalSection
	GlobalSection(ProjectConfigurationPlatforms) = postSolution
		{5B975D7D-FF5D-4F23-907C-F7F2E50F2252}.Debug|Any CPU.ActiveCfg = Debug|Any CPU
		{5B975D7D-FF5D-4F23-907C-F7F2E50F2252}.Debug|Any CPU.Build.0 = Debug|Any CPU
		{5B975D7D-FF5D-4F23-907C-F7F2E50F2252}.Debug|x64.ActiveCfg = Debug|Any CPU
		{5B975D7D-FF5D-4F23-907C-F7F2E50F2252}.Debug|x64.Build.0 = Debug|Any CPU
		{5B975D7D-FF5D-4F23-907C-F7F2E50F2252}.Debug|x86.ActiveCfg = Debug|Any CPU
		{5B975D7D-FF5D-4F23-907C-F7F2E50F2252}.Debug|x86.Build.0 = Debug|Any CPU
		{5B975D7D-FF5D-4F23-907C-F7F2E50F2252}.Release|Any CPU.ActiveCfg = Release|Any CPU
		{5B975D7D-FF5D-4F23-907C-F7F2E50F2252}.Release|Any CPU.Build.0 = Release|Any CPU
		{5B975D7D-FF5D-4F23-907C-F7F2E50F2252}.Release|x64.ActiveCfg = Release|Any CPU
		{5B975D7D-FF5D-4F23-907C-F7F2E50F2252}.Release|x64.Build.0 = Release|Any CPU
		{5B975D7D-FF5D-4F23-907C-F7F2E50F2252}.Release|x86.ActiveCfg = Release|Any CPU
		{5B975D7D-FF5D-4F23-907C-F7F2E50F2252}.Release|x86.Build.0 = Release|Any CPU
		{9229C06E-3E6C-4174-80D9-F61B1145D514}.Debug|Any CPU.ActiveCfg = Debug|Any CPU
		{9229C06E-3E6C-4174-80D9-F61B1145D514}.Debug|Any CPU.Build.0 = Debug|Any CPU
		{9229C06E-3E6C-4174-80D9-F61B1145D514}.Debug|x64.ActiveCfg = Debug|Any CPU
		{9229C06E-3E6C-4174-80D9-F61B1145D514}.Debug|x64.Build.0 = Debug|Any CPU
		{9229C06E-3E6C-4174-80D9-F61B1145D514}.Debug|x86.ActiveCfg = Debug|Any CPU
		{9229C06E-3E6C-4174-80D9-F61B1145D514}.Debug|x86.Build.0 = Debug|Any CPU
		{9229C06E-3E6C-4174-80D9-F61B1145D514}.Release|Any CPU.ActiveCfg = Release|Any CPU
		{9229C06E-3E6C-4174-80D9-F61B1145D514}.Release|Any CPU.Build.0 = Release|Any CPU
		{9229C06E-3E6C-4174-80D9-F61B1145D514}.Release|x64.ActiveCfg = Release|Any CPU
		{9229C06E-3E6C-4174-80D9-F61B1145D514}.Release|x64.Build.0 = Release|Any CPU
		{9229C06E-3E6C-4174-80D9-F61B1145D514}.Release|x86.ActiveCfg = Release|Any CPU
		{9229C06E-3E6C-4174-80D9-F61B1145D514}.Release|x86.Build.0 = Release|Any CPU
	EndGlobalSection
	GlobalSection(SolutionProperties) = preSolution
		HideSolutionNode = FALSE
	EndGlobalSection
	GlobalSection(ExtensibilityGlobals) = postSolution
		SolutionGuid = {B49670D4-AE2D-4987-953C-04C77C96DB1E}
	EndGlobalSection
EndGlobal
